<?xml version="1.0" encoding="utf-8"?>
<Project ToolsVersion="4.0" xmlns="http://schemas.microsoft.com/developer/msbuild/2003">
  <ItemGroup>
    <ClCompile Include="main.cpp" />
    <ClCompile Include="core\memory.cpp">
      <Filter>core</Filter>
    </ClCompile>
    <ClCompile Include="core\instructions.cpp">
      <Filter>core</Filter>
    </ClCompile>
    <ClCompile Include="core\cpu.cpp">
      <Filter>core</Filter>
    </ClCompile>
    <ClCompile Include="core\baserom.cpp">
      <Filter>core</Filter>
    </ClCompile>
    <ClCompile Include="test\cputests.cpp">
      <Filter>tests</Filter>
    </ClCompile>
    <ClCompile Include="core\emulator.cpp">
      <Filter>core</Filter>
    </ClCompile>
    <ClCompile Include="core\rom\mbc0.cpp">
      <Filter>core\rom</Filter>
    </ClCompile>
    <ClCompile Include="core\rom\mbc1.cpp">
      <Filter>core\rom</Filter>
    </ClCompile>
    <ClCompile Include="core\rom\mbc2.cpp">
      <Filter>core\rom</Filter>
    </ClCompile>
    <ClCompile Include="core\rom\mbc3.cpp">
      <Filter>core\rom</Filter>
    </ClCompile>
    <ClCompile Include="core\rom\mbc5 .cpp">
      <Filter>core\rom</Filter>
    </ClCompile>
    <ClCompile Include="core\rom.cpp">
      <Filter>core</Filter>
    </ClCompile>
    <ClCompile Include="core\util.cpp">
      <Filter>core</Filter>
    </ClCompile>
    <ClCompile Include="core\memoryutil.cpp">
      <Filter>core</Filter>
    </ClCompile>
    <ClCompile Include="core\graphicsutil.cpp">
      <Filter>core</Filter>
    </ClCompile>
    <ClCompile Include="core\vram.cpp">
      <Filter>core</Filter>
    </ClCompile>
    <ClCompile Include="core\ppu.cpp">
      <Filter>core</Filter>
    </ClCompile>
    <ClCompile Include="core\ioregisters.cpp">
      <Filter>core</Filter>
    </ClCompile>
    <ClCompile Include="core\imgui\imgui.cpp">
      <Filter>core\imgui</Filter>
    </ClCompile>
    <ClCompile Include="core\imgui\imgui_demo.cpp">
      <Filter>core\imgui</Filter>
    </ClCompile>
    <ClCompile Include="core\imgui\imgui_draw.cpp">
      <Filter>core\imgui</Filter>
    </ClCompile>
    <ClCompile Include="core\imgui\imgui_widgets.cpp">
      <Filter>core\imgui</Filter>
    </ClCompile>
    <ClCompile Include="core\d3d11\imgui_impl_dx11.cpp">
      <Filter>core\d3d11</Filter>
    </ClCompile>
    <ClCompile Include="core\d3d11\imgui_impl_win32.cpp">
      <Filter>core\d3d11</Filter>
    </ClCompile>
    <ClCompile Include="core\d3d11\texture.cpp">
      <Filter>core\d3d11</Filter>
    </ClCompile>
  </ItemGroup>
  <ItemGroup>
    <None Include="..\README.txt" />
  </ItemGroup>
  <ItemGroup>
    <Filter Include="core">
      <UniqueIdentifier>{f5860bf9-1827-4073-8d5d-39d7516e4811}</UniqueIdentifier>
    </Filter>
    <Filter Include="tests">
      <UniqueIdentifier>{3c4e2bc2-af41-4659-97d6-6d48368ae6ce}</UniqueIdentifier>
    </Filter>
    <Filter Include="core\rom">
      <UniqueIdentifier>{b840aafc-1791-4397-adc6-7fb849a0a101}</UniqueIdentifier>
    </Filter>
    <Filter Include="core\imgui">
      <UniqueIdentifier>{07a6e1c8-b6ad-4fc4-9207-42f5067be187}</UniqueIdentifier>
    </Filter>
    <Filter Include="core\d3d11">
      <UniqueIdentifier>{3457a534-bd5c-4c17-bc66-da43adc47b2f}</UniqueIdentifier>
    </Filter>
  </ItemGroup>
  <ItemGroup>
    <ClInclude Include="core\memory.h">
      <Filter>core</Filter>
    </ClInclude>
    <ClInclude Include="core\types.h">
      <Filter>core</Filter>
    </ClInclude>
    <ClInclude Include="core\instructions.h">
      <Filter>core</Filter>
    </ClInclude>
    <ClInclude Include="core\cpu.h">
      <Filter>core</Filter>
    </ClInclude>
    <ClInclude Include="core\baserom.h">
      <Filter>core</Filter>
    </ClInclude>
    <ClInclude Include="test\cputests.h">
      <Filter>tests</Filter>
    </ClInclude>
    <ClInclude Include="core\emulator.h">
      <Filter>core</Filter>
    </ClInclude>
    <ClInclude Include="core\address_defines.h">
      <Filter>core</Filter>
    </ClInclude>
    <ClInclude Include="core\rom\mbc_common.h">
      <Filter>core\rom</Filter>
    </ClInclude>
    <ClInclude Include="core\rom\mbc0.h">
      <Filter>core\rom</Filter>
    </ClInclude>
    <ClInclude Include="core\rom\mbc1.h">
      <Filter>core\rom</Filter>
    </ClInclude>
    <ClInclude Include="core\rom\mbc2.h">
      <Filter>core\rom</Filter>
    </ClInclude>
    <ClInclude Include="core\rom\mbc3.h">
      <Filter>core\rom</Filter>
    </ClInclude>
    <ClInclude Include="core\rom\mbc5.h">
      <Filter>core\rom</Filter>
    </ClInclude>
    <ClInclude Include="core\rom.h">
      <Filter>core</Filter>
    </ClInclude>
    <ClInclude Include="core\util.h">
      <Filter>core</Filter>
    </ClInclude>
    <ClInclude Include="core\imemory.h">
      <Filter>core</Filter>
    </ClInclude>
    <ClInclude Include="core\memoryutil.h">
      <Filter>core</Filter>
    </ClInclude>
    <ClInclude Include="core\graphicsutil.h">
      <Filter>core</Filter>
    </ClInclude>
    <ClInclude Include="core\vram.h">
      <Filter>core</Filter>
    </ClInclude>
    <ClInclude Include="core\gui.h">
      <Filter>core</Filter>
    </ClInclude>
    <ClInclude Include="core\ppu.h">
      <Filter>core</Filter>
    </ClInclude>
    <ClInclude Include="core\ioregisters.h">
      <Filter>core</Filter>
    </ClInclude>
    <ClInclude Include="core\imgui\imgui.h">
      <Filter>core\imgui</Filter>
    </ClInclude>
    <ClInclude Include="core\imgui\imgui_internal.h">
      <Filter>core\imgui</Filter>
    </ClInclude>
    <ClInclude Include="core\imgui\imstb_rectpack.h">
      <Filter>core\imgui</Filter>
    </ClInclude>
    <ClInclude Include="core\imgui\imstb_textedit.h">
      <Filter>core\imgui</Filter>
    </ClInclude>
    <ClInclude Include="core\imgui\imstb_truetype.h">
      <Filter>core\imgui</Filter>
    </ClInclude>
    <ClInclude Include="core\imgui\imconfig.h">
      <Filter>core\imgui</Filter>
    </ClInclude>
    <ClInclude Include="core\d3d11\imgui_impl_dx11.h">
      <Filter>core\d3d11</Filter>
    </ClInclude>
    <ClInclude Include="core\d3d11\imgui_impl_win32.h">
      <Filter>core\d3d11</Filter>
    </ClInclude>
    <ClInclude Include="core\d3d11\texture.h">
      <Filter>core\d3d11</Filter>
    </ClInclude>
    <ClInclude Include="core\graphicsdevice.h">
      <Filter>core</Filter>
    </ClInclude>
  </ItemGroup>
</Project>